github.com/gossie/bitset v0.0.2 h1:MKOSazpDDT1bfni2ffctPvju2I2q+n8RkVajfpt17GI=
github.com/gossie/bitset v0.0.2/go.mod h1:5aSh8B8JZBSGoLuA/KIs/mT9BQbRCGG7k6j3Owim3RI=
github.com/gossie/bitset v0.0.3 h1:+4O4yHYTRg9UwSDDPR4wRiDJa2uzHCHtAUUSp8uhK9c=
github.com/gossie/bitset v0.0.3/go.mod h1:5aSh8B8JZBSGoLuA/KIs/mT9BQbRCGG7k6j3Owim3RI=
github.com/gossie/bitset v0.0.4 h1:KSH/K34xFvgJDv3y+3A8NgCju8TG37D20XSQD9OvwWU=
github.com/gossie/bitset v0.0.4/go.mod h1:5aSh8B8JZBSGoLuA/KIs/mT9BQbRCGG7k6j3Owim3RI=
